// !$*UTF8*$!
{
	archiveVersion = 1;
	classes = {
	};
	objectVersion = 46;
	objects = {

/* Begin PBXBuildFile section */
		3C93F2501C0B8319006799F8 /* OnboardViewController.swift in Sources */ = {isa = PBXBuildFile; fileRef = 3C93F24F1C0B8319006799F8 /* OnboardViewController.swift */; };
		3CD1F38C1BFFB8C50062EC0A /* AppDelegate.swift in Sources */ = {isa = PBXBuildFile; fileRef = 3CD1F38B1BFFB8C50062EC0A /* AppDelegate.swift */; };
		3CD1F38E1BFFB8C50062EC0A /* LaunchScreenViewController.swift in Sources */ = {isa = PBXBuildFile; fileRef = 3CD1F38D1BFFB8C50062EC0A /* LaunchScreenViewController.swift */; };
		3CD1F3911BFFB8C50062EC0A /* Main.storyboard in Resources */ = {isa = PBXBuildFile; fileRef = 3CD1F38F1BFFB8C50062EC0A /* Main.storyboard */; };
		3CD1F3931BFFB8C50062EC0A /* Assets.xcassets in Resources */ = {isa = PBXBuildFile; fileRef = 3CD1F3921BFFB8C50062EC0A /* Assets.xcassets */; };
		3CD1F3961BFFB8C50062EC0A /* LaunchScreen.storyboard in Resources */ = {isa = PBXBuildFile; fileRef = 3CD1F3941BFFB8C50062EC0A /* LaunchScreen.storyboard */; };
		3CD863F31C0B9952007B7D48 /* SurveyViewController.swift in Sources */ = {isa = PBXBuildFile; fileRef = 3CD863F21C0B9952007B7D48 /* SurveyViewController.swift */; };
		3CD863F51C0CFEE6007B7D48 /* FlightTrend.swift in Sources */ = {isa = PBXBuildFile; fileRef = 3CD863F41C0CFEE6007B7D48 /* FlightTrend.swift */; };
		3CD863F71C0CFEFA007B7D48 /* City.swift in Sources */ = {isa = PBXBuildFile; fileRef = 3CD863F61C0CFEFA007B7D48 /* City.swift */; };
		3CD863F91C0D0678007B7D48 /* CoreLocation.framework in Frameworks */ = {isa = PBXBuildFile; fileRef = 3CD863F81C0D0678007B7D48 /* CoreLocation.framework */; };
		3CD863FB1C0D0778007B7D48 /* LocationManager.swift in Sources */ = {isa = PBXBuildFile; fileRef = 3CD863FA1C0D0778007B7D48 /* LocationManager.swift */; };
		CAFF3C0AB0266867F0641D2F /* Pods_ProjectSora.framework in Frameworks */ = {isa = PBXBuildFile; fileRef = 0F2EA095CB7947385D23C4C5 /* Pods_ProjectSora.framework */; };
/* End PBXBuildFile section */

/* Begin PBXFileReference section */
		0F2EA095CB7947385D23C4C5 /* Pods_ProjectSora.framework */ = {isa = PBXFileReference; explicitFileType = wrapper.framework; includeInIndex = 0; path = Pods_ProjectSora.framework; sourceTree = BUILT_PRODUCTS_DIR; };
		1DB46B8FCF624BFC570D467B /* Pods-ProjectSora.release.xcconfig */ = {isa = PBXFileReference; includeInIndex = 1; lastKnownFileType = text.xcconfig; name = "Pods-ProjectSora.release.xcconfig"; path = "Pods/Target Support Files/Pods-ProjectSora/Pods-ProjectSora.release.xcconfig"; sourceTree = "<group>"; };
		3C93F24F1C0B8319006799F8 /* OnboardViewController.swift */ = {isa = PBXFileReference; fileEncoding = 4; lastKnownFileType = sourcecode.swift; path = OnboardViewController.swift; sourceTree = "<group>"; };
		3C93F2511C0B86EA006799F8 /* BridgingHeader.h */ = {isa = PBXFileReference; lastKnownFileType = sourcecode.c.h; path = BridgingHeader.h; sourceTree = "<group>"; };
		3CD1F3881BFFB8C50062EC0A /* ProjectSora.app */ = {isa = PBXFileReference; explicitFileType = wrapper.application; includeInIndex = 0; path = ProjectSora.app; sourceTree = BUILT_PRODUCTS_DIR; };
		3CD1F38B1BFFB8C50062EC0A /* AppDelegate.swift */ = {isa = PBXFileReference; lastKnownFileType = sourcecode.swift; path = AppDelegate.swift; sourceTree = "<group>"; };
		3CD1F38D1BFFB8C50062EC0A /* LaunchScreenViewController.swift */ = {isa = PBXFileReference; lastKnownFileType = sourcecode.swift; path = LaunchScreenViewController.swift; sourceTree = "<group>"; };
		3CD1F3901BFFB8C50062EC0A /* Base */ = {isa = PBXFileReference; lastKnownFileType = file.storyboard; name = Base; path = Base.lproj/Main.storyboard; sourceTree = "<group>"; };
		3CD1F3921BFFB8C50062EC0A /* Assets.xcassets */ = {isa = PBXFileReference; lastKnownFileType = folder.assetcatalog; path = Assets.xcassets; sourceTree = "<group>"; };
		3CD1F3951BFFB8C50062EC0A /* Base */ = {isa = PBXFileReference; lastKnownFileType = file.storyboard; name = Base; path = Base.lproj/LaunchScreen.storyboard; sourceTree = "<group>"; };
		3CD1F3971BFFB8C50062EC0A /* Info.plist */ = {isa = PBXFileReference; lastKnownFileType = text.plist.xml; path = Info.plist; sourceTree = "<group>"; };
		3CD863F21C0B9952007B7D48 /* SurveyViewController.swift */ = {isa = PBXFileReference; fileEncoding = 4; lastKnownFileType = sourcecode.swift; path = SurveyViewController.swift; sourceTree = "<group>"; };
		3CD863F41C0CFEE6007B7D48 /* FlightTrend.swift */ = {isa = PBXFileReference; fileEncoding = 4; lastKnownFileType = sourcecode.swift; path = FlightTrend.swift; sourceTree = "<group>"; };
		3CD863F61C0CFEFA007B7D48 /* City.swift */ = {isa = PBXFileReference; fileEncoding = 4; lastKnownFileType = sourcecode.swift; path = City.swift; sourceTree = "<group>"; };
		3CD863F81C0D0678007B7D48 /* CoreLocation.framework */ = {isa = PBXFileReference; lastKnownFileType = wrapper.framework; name = CoreLocation.framework; path = System/Library/Frameworks/CoreLocation.framework; sourceTree = SDKROOT; };
		3CD863FA1C0D0778007B7D48 /* LocationManager.swift */ = {isa = PBXFileReference; fileEncoding = 4; lastKnownFileType = sourcecode.swift; path = LocationManager.swift; sourceTree = "<group>"; };
		9AB0BB260CBAF8F78938D574 /* Pods-ProjectSora.debug.xcconfig */ = {isa = PBXFileReference; includeInIndex = 1; lastKnownFileType = text.xcconfig; name = "Pods-ProjectSora.debug.xcconfig"; path = "Pods/Target Support Files/Pods-ProjectSora/Pods-ProjectSora.debug.xcconfig"; sourceTree = "<group>"; };
/* End PBXFileReference section */

/* Begin PBXFrameworksBuildPhase section */
		3CD1F3851BFFB8C50062EC0A /* Frameworks */ = {
			isa = PBXFrameworksBuildPhase;
			buildActionMask = 2147483647;
			files = (
				3CD863F91C0D0678007B7D48 /* CoreLocation.framework in Frameworks */,
				CAFF3C0AB0266867F0641D2F /* Pods_ProjectSora.framework in Frameworks */,
			);
			runOnlyForDeploymentPostprocessing = 0;
		};
/* End PBXFrameworksBuildPhase section */

/* Begin PBXGroup section */
		3C5E0BEB94E398B46BE92983 /* Pods */ = {
			isa = PBXGroup;
			children = (
				9AB0BB260CBAF8F78938D574 /* Pods-ProjectSora.debug.xcconfig */,
				1DB46B8FCF624BFC570D467B /* Pods-ProjectSora.release.xcconfig */,
			);
			name = Pods;
			sourceTree = "<group>";
		};
		3CD1F37F1BFFB8C50062EC0A = {
			isa = PBXGroup;
			children = (
				3CD1F38A1BFFB8C50062EC0A /* ProjectSora */,
				3CD1F3891BFFB8C50062EC0A /* Products */,
				3C5E0BEB94E398B46BE92983 /* Pods */,
				AF5FB40C2B18C2851FA8C623 /* Frameworks */,
			);
			sourceTree = "<group>";
		};
		3CD1F3891BFFB8C50062EC0A /* Products */ = {
			isa = PBXGroup;
			children = (
				3CD1F3881BFFB8C50062EC0A /* ProjectSora.app */,
			);
			name = Products;
			sourceTree = "<group>";
		};
		3CD1F38A1BFFB8C50062EC0A /* ProjectSora */ = {
			isa = PBXGroup;
			children = (
				3CD1F38B1BFFB8C50062EC0A /* AppDelegate.swift */,
				3CD863F61C0CFEFA007B7D48 /* City.swift */,
				3CD863F41C0CFEE6007B7D48 /* FlightTrend.swift */,
				3CD1F38D1BFFB8C50062EC0A /* LaunchScreenViewController.swift */,
				3CD863FA1C0D0778007B7D48 /* LocationManager.swift */,
				3C93F24F1C0B8319006799F8 /* OnboardViewController.swift */,
				3CD863F21C0B9952007B7D48 /* SurveyViewController.swift */,
				3CD1F38F1BFFB8C50062EC0A /* Main.storyboard */,
				3CD1F3921BFFB8C50062EC0A /* Assets.xcassets */,
				3CD1F3941BFFB8C50062EC0A /* LaunchScreen.storyboard */,
				3CD1F3971BFFB8C50062EC0A /* Info.plist */,
				3C93F2511C0B86EA006799F8 /* BridgingHeader.h */,
			);
			path = ProjectSora;
			sourceTree = "<group>";
		};
		AF5FB40C2B18C2851FA8C623 /* Frameworks */ = {
			isa = PBXGroup;
			children = (
				3CD863F81C0D0678007B7D48 /* CoreLocation.framework */,
				0F2EA095CB7947385D23C4C5 /* Pods_ProjectSora.framework */,
			);
			name = Frameworks;
			sourceTree = "<group>";
		};
/* End PBXGroup section */

/* Begin PBXNativeTarget section */
		3CD1F3871BFFB8C50062EC0A /* ProjectSora */ = {
			isa = PBXNativeTarget;
			buildConfigurationList = 3CD1F39A1BFFB8C50062EC0A /* Build configuration list for PBXNativeTarget "ProjectSora" */;
			buildPhases = (
				96F5C2F7B93BD90291520A30 /* Check Pods Manifest.lock */,
				3CD1F3841BFFB8C50062EC0A /* Sources */,
				3CD1F3851BFFB8C50062EC0A /* Frameworks */,
				3CD1F3861BFFB8C50062EC0A /* Resources */,
				D34C545107D1B9B0EF8A3ABF /* Embed Pods Frameworks */,
				1F44034F115F8B3F8138372E /* Copy Pods Resources */,
			);
			buildRules = (
			);
			dependencies = (
			);
			name = ProjectSora;
			productName = ProjectSora;
			productReference = 3CD1F3881BFFB8C50062EC0A /* ProjectSora.app */;
			productType = "com.apple.product-type.application";
		};
/* End PBXNativeTarget section */

/* Begin PBXProject section */
		3CD1F3801BFFB8C50062EC0A /* Project object */ = {
			isa = PBXProject;
			attributes = {
				LastSwiftUpdateCheck = 0710;
				LastUpgradeCheck = 0710;
				ORGANIZATIONNAME = "Expedia MSP";
				TargetAttributes = {
					3CD1F3871BFFB8C50062EC0A = {
						CreatedOnToolsVersion = 7.1.1;
					};
				};
			};
			buildConfigurationList = 3CD1F3831BFFB8C50062EC0A /* Build configuration list for PBXProject "ProjectSora" */;
			compatibilityVersion = "Xcode 3.2";
			developmentRegion = English;
			hasScannedForEncodings = 0;
			knownRegions = (
				en,
				Base,
			);
			mainGroup = 3CD1F37F1BFFB8C50062EC0A;
			productRefGroup = 3CD1F3891BFFB8C50062EC0A /* Products */;
			projectDirPath = "";
			projectRoot = "";
			targets = (
				3CD1F3871BFFB8C50062EC0A /* ProjectSora */,
			);
		};
/* End PBXProject section */

/* Begin PBXResourcesBuildPhase section */
		3CD1F3861BFFB8C50062EC0A /* Resources */ = {
			isa = PBXResourcesBuildPhase;
			buildActionMask = 2147483647;
			files = (
				3CD1F3961BFFB8C50062EC0A /* LaunchScreen.storyboard in Resources */,
				3CD1F3931BFFB8C50062EC0A /* Assets.xcassets in Resources */,
				3CD1F3911BFFB8C50062EC0A /* Main.storyboard in Resources */,
			);
			runOnlyForDeploymentPostprocessing = 0;
		};
/* End PBXResourcesBuildPhase section */

/* Begin PBXShellScriptBuildPhase section */
		1F44034F115F8B3F8138372E /* Copy Pods Resources */ = {
			isa = PBXShellScriptBuildPhase;
			buildActionMask = 2147483647;
			files = (
			);
			inputPaths = (
			);
			name = "Copy Pods Resources";
			outputPaths = (
			);
			runOnlyForDeploymentPostprocessing = 0;
			shellPath = /bin/sh;
			shellScript = "\"${SRCROOT}/Pods/Target Support Files/Pods-ProjectSora/Pods-ProjectSora-resources.sh\"\n";
			showEnvVarsInLog = 0;
		};
		96F5C2F7B93BD90291520A30 /* Check Pods Manifest.lock */ = {
			isa = PBXShellScriptBuildPhase;
			buildActionMask = 2147483647;
			files = (
			);
			inputPaths = (
			);
			name = "Check Pods Manifest.lock";
			outputPaths = (
			);
			runOnlyForDeploymentPostprocessing = 0;
			shellPath = /bin/sh;
			shellScript = "diff \"${PODS_ROOT}/../Podfile.lock\" \"${PODS_ROOT}/Manifest.lock\" > /dev/null\nif [[ $? != 0 ]] ; then\n    cat << EOM\nerror: The sandbox is not in sync with the Podfile.lock. Run 'pod install' or update your CocoaPods installation.\nEOM\n    exit 1\nfi\n";
			showEnvVarsInLog = 0;
		};
		D34C545107D1B9B0EF8A3ABF /* Embed Pods Frameworks */ = {
			isa = PBXShellScriptBuildPhase;
			buildActionMask = 2147483647;
			files = (
			);
			inputPaths = (
			);
			name = "Embed Pods Frameworks";
			outputPaths = (
			);
			runOnlyForDeploymentPostprocessing = 0;
			shellPath = /bin/sh;
			shellScript = "\"${SRCROOT}/Pods/Target Support Files/Pods-ProjectSora/Pods-ProjectSora-frameworks.sh\"\n";
			showEnvVarsInLog = 0;
		};
/* End PBXShellScriptBuildPhase section */

/* Begin PBXSourcesBuildPhase section */
		3CD1F3841BFFB8C50062EC0A /* Sources */ = {
			isa = PBXSourcesBuildPhase;
			buildActionMask = 2147483647;
			files = (
				3CD1F38E1BFFB8C50062EC0A /* LaunchScreenViewController.swift in Sources */,
				3CD863F51C0CFEE6007B7D48 /* FlightTrend.swift in Sources */,
				3CD863F71C0CFEFA007B7D48 /* City.swift in Sources */,
				3CD863FB1C0D0778007B7D48 /* LocationManager.swift in Sources */,
				3C93F2501C0B8319006799F8 /* OnboardViewController.swift in Sources */,
				3CD863F31C0B9952007B7D48 /* SurveyViewController.swift in Sources */,
				3CD1F38C1BFFB8C50062EC0A /* AppDelegate.swift in Sources */,
			);
			runOnlyForDeploymentPostprocessing = 0;
		};
/* End PBXSourcesBuildPhase section */

/* Begin PBXVariantGroup section */
		3CD1F38F1BFFB8C50062EC0A /* Main.storyboard */ = {
			isa = PBXVariantGroup;
			children = (
				3CD1F3901BFFB8C50062EC0A /* Base */,
			);
			name = Main.storyboard;
			sourceTree = "<group>";
		};
		3CD1F3941BFFB8C50062EC0A /* LaunchScreen.storyboard */ = {
			isa = PBXVariantGroup;
			children = (
				3CD1F3951BFFB8C50062EC0A /* Base */,
			);
			name = LaunchScreen.storyboard;
			sourceTree = "<group>";
		};
/* End PBXVariantGroup section */

/* Begin XCBuildConfiguration section */
		3CD1F3981BFFB8C50062EC0A /* Debug */ = {
			isa = XCBuildConfiguration;
			buildSettings = {
				ALWAYS_SEARCH_USER_PATHS = NO;
				CLANG_CXX_LANGUAGE_STANDARD = "gnu++0x";
				CLANG_CXX_LIBRARY = "libc++";
				CLANG_ENABLE_MODULES = YES;
				CLANG_ENABLE_OBJC_ARC = YES;
				CLANG_WARN_BOOL_CONVERSION = YES;
				CLANG_WARN_CONSTANT_CONVERSION = YES;
				CLANG_WARN_DIRECT_OBJC_ISA_USAGE = YES_ERROR;
				CLANG_WARN_EMPTY_BODY = YES;
				CLANG_WARN_ENUM_CONVERSION = YES;
				CLANG_WARN_INT_CONVERSION = YES;
				CLANG_WARN_OBJC_ROOT_CLASS = YES_ERROR;
				CLANG_WARN_UNREACHABLE_CODE = YES;
				CLANG_WARN__DUPLICATE_METHOD_MATCH = YES;
				"CODE_SIGN_IDENTITY[sdk=iphoneos*]" = "iPhone Developer";
				COPY_PHASE_STRIP = NO;
				DEBUG_INFORMATION_FORMAT = dwarf;
				ENABLE_STRICT_OBJC_MSGSEND = YES;
				ENABLE_TESTABILITY = YES;
				GCC_C_LANGUAGE_STANDARD = gnu99;
				GCC_DYNAMIC_NO_PIC = NO;
				GCC_NO_COMMON_BLOCKS = YES;
				GCC_OPTIMIZATION_LEVEL = 0;
				GCC_PREPROCESSOR_DEFINITIONS = (
					"DEBUG=1",
					"$(inherited)",
				);
				GCC_WARN_64_TO_32_BIT_CONVERSION = YES;
				GCC_WARN_ABOUT_RETURN_TYPE = YES_ERROR;
				GCC_WARN_UNDECLARED_SELECTOR = YES;
				GCC_WARN_UNINITIALIZED_AUTOS = YES_AGGRESSIVE;
				GCC_WARN_UNUSED_FUNCTION = YES;
				GCC_WARN_UNUSED_VARIABLE = YES;
				IPHONEOS_DEPLOYMENT_TARGET = 9.1;
				MTL_ENABLE_DEBUG_INFO = YES;
				ONLY_ACTIVE_ARCH = YES;
				SDKROOT = iphoneos;
				SWIFT_OPTIMIZATION_LEVEL = "-Onone";
			};
			name = Debug;
		};
		3CD1F3991BFFB8C50062EC0A /* Release */ = {
			isa = XCBuildConfiguration;
			buildSettings = {
				ALWAYS_SEARCH_USER_PATHS = NO;
				CLANG_CXX_LANGUAGE_STANDARD = "gnu++0x";
				CLANG_CXX_LIBRARY = "libc++";
				CLANG_ENABLE_MODULES = YES;
				CLANG_ENABLE_OBJC_ARC = YES;
				CLANG_WARN_BOOL_CONVERSION = YES;
				CLANG_WARN_CONSTANT_CONVERSION = YES;
				CLANG_WARN_DIRECT_OBJC_ISA_USAGE = YES_ERROR;
				CLANG_WARN_EMPTY_BODY = YES;
				CLANG_WARN_ENUM_CONVERSION = YES;
				CLANG_WARN_INT_CONVERSION = YES;
				CLANG_WARN_OBJC_ROOT_CLASS = YES_ERROR;
				CLANG_WARN_UNREACHABLE_CODE = YES;
				CLANG_WARN__DUPLICATE_METHOD_MATCH = YES;
				"CODE_SIGN_IDENTITY[sdk=iphoneos*]" = "iPhone Developer";
				COPY_PHASE_STRIP = NO;
				DEBUG_INFORMATION_FORMAT = "dwarf-with-dsym";
				ENABLE_NS_ASSERTIONS = NO;
				ENABLE_STRICT_OBJC_MSGSEND = YES;
				GCC_C_LANGUAGE_STANDARD = gnu99;
				GCC_NO_COMMON_BLOCKS = YES;
				GCC_WARN_64_TO_32_BIT_CONVERSION = YES;
				GCC_WARN_ABOUT_RETURN_TYPE = YES_ERROR;
				GCC_WARN_UNDECLARED_SELECTOR = YES;
				GCC_WARN_UNINITIALIZED_AUTOS = YES_AGGRESSIVE;
				GCC_WARN_UNUSED_FUNCTION = YES;
				GCC_WARN_UNUSED_VARIABLE = YES;
				IPHONEOS_DEPLOYMENT_TARGET = 9.1;
				MTL_ENABLE_DEBUG_INFO = NO;
				SDKROOT = iphoneos;
				VALIDATE_PRODUCT = YES;
			};
			name = Release;
		};
		3CD1F39B1BFFB8C50062EC0A /* Debug */ = {
			isa = XCBuildConfiguration;
			baseConfigurationReference = 9AB0BB260CBAF8F78938D574 /* Pods-ProjectSora.debug.xcconfig */;
			buildSettings = {
				ASSETCATALOG_COMPILER_APPICON_NAME = AppIcon;
				DEFINES_MODULE = YES;
				INFOPLIST_FILE = ProjectSora/Info.plist;
				LD_RUNPATH_SEARCH_PATHS = "$(inherited) @executable_path/Frameworks";
				PRODUCT_BUNDLE_IDENTIFIER = "com.expedia-msp.ProjectSora";
				PRODUCT_NAME = "$(TARGET_NAME)";
				SWIFT_OBJC_BRIDGING_HEADER = ProjectSora/BridgingHeader.h;
			};
			name = Debug;
		};
		3CD1F39C1BFFB8C50062EC0A /* Release */ = {
			isa = XCBuildConfiguration;
			baseConfigurationReference = 1DB46B8FCF624BFC570D467B /* Pods-ProjectSora.release.xcconfig */;
			buildSettings = {
				ASSETCATALOG_COMPILER_APPICON_NAME = AppIcon;
				DEFINES_MODULE = YES;
				INFOPLIST_FILE = ProjectSora/Info.plist;
				LD_RUNPATH_SEARCH_PATHS = "$(inherited) @executable_path/Frameworks";
				PRODUCT_BUNDLE_IDENTIFIER = "com.expedia-msp.ProjectSora";
				PRODUCT_NAME = "$(TARGET_NAME)";
				SWIFT_OBJC_BRIDGING_HEADER = ProjectSora/BridgingHeader.h;
			};
			name = Release;
		};
/* End XCBuildConfiguration section */

/* Begin XCConfigurationList section */
		3CD1F3831BFFB8C50062EC0A /* Build configuration list for PBXProject "ProjectSora" */ = {
			isa = XCConfigurationList;
			buildConfigurations = (
				3CD1F3981BFFB8C50062EC0A /* Debug */,
				3CD1F3991BFFB8C50062EC0A /* Release */,
			);
			defaultConfigurationIsVisible = 0;
			defaultConfigurationName = Release;
		};
		3CD1F39A1BFFB8C50062EC0A /* Build configuration list for PBXNativeTarget "ProjectSora" */ = {
			isa = XCConfigurationList;
			buildConfigurations = (
				3CD1F39B1BFFB8C50062EC0A /* Debug */,
				3CD1F39C1BFFB8C50062EC0A /* Release */,
			);
			defaultConfigurationIsVisible = 0;
			defaultConfigurationName = Release;
		};
/* End XCConfigurationList section */
	};
	rootObject = 3CD1F3801BFFB8C50062EC0A /* Project object */;
}
